{
  "nodes": {
    "darwin": {
      "inputs": {
        "nixpkgs": [
          "nixpkgs"
        ]
      },
      "locked": {
        "lastModified": 1749744770,
        "narHash": "sha256-MEM9XXHgBF/Cyv1RES1t6gqAX7/tvayBC1r/KPyK1ls=",
        "owner": "lnl7",
        "repo": "nix-darwin",
        "rev": "536f951efb1ccda9b968e3c9dee39fbeb6d3fdeb",
        "type": "github"
      },
      "original": {
        "owner": "lnl7",
        "ref": "nix-darwin-25.05",
        "repo": "nix-darwin",
        "type": "github"
      }
    },
    "elixir-overlay": {
      "inputs": {
        "flake-utils": "flake-utils",
        "nixpkgs": "nixpkgs"
      },
      "locked": {
        "lastModified": 1749482522,
        "narHash": "sha256-nLBqNIgCToSgVfodrY82UxSz1zvc6oiYILuJzDuLpGM=",
        "owner": "zoedsoupe",
        "repo": "elixir-overlay",
        "rev": "929539a8d91f7ecd24777f04567c16f29373a50f",
        "type": "github"
      },
      "original": {
        "owner": "zoedsoupe",
        "repo": "elixir-overlay",
        "type": "github"
      }
    },
    "flake-utils": {
      "inputs": {
        "systems": "systems"
      },
      "locked": {
        "lastModified": 1731533236,
        "narHash": "sha256-l0KFg5HjrsfsO/JpG+r7fRrqm12kzFHyUHqHCVpMMbI=",
        "owner": "numtide",
        "repo": "flake-utils",
        "rev": "11707dc2f618dd54ca8739b309ec4fc024de578b",
        "type": "github"
      },
      "original": {
        "owner": "numtide",
        "repo": "flake-utils",
        "type": "github"
      }
    },
    "gitignore": {
      "inputs": {
        "nixpkgs": [
          "wakatime-ls",
          "nixpkgs"
        ]
      },
      "locked": {
        "lastModified": 1709087332,
        "narHash": "sha256-HG2cCnktfHsKV0s4XW83gU3F57gaTljL9KNSuG6bnQs=",
        "owner": "hercules-ci",
        "repo": "gitignore.nix",
        "rev": "637db329424fd7e46cf4185293b9cc8c88c95394",
        "type": "github"
      },
      "original": {
        "owner": "hercules-ci",
        "repo": "gitignore.nix",
        "type": "github"
      }
    },
    "helix": {
      "inputs": {
        "nixpkgs": [
          "nixpkgs"
        ],
        "rust-overlay": "rust-overlay"
      },
      "locked": {
        "lastModified": 1751496088,
        "narHash": "sha256-KqVurHe12Z9FDCcENBq3y0mW5KAx2qek81DQsiTjGhQ=",
        "owner": "helix-editor",
        "repo": "helix",
        "rev": "bcb6c20a84b6ac6697bf2a4b5d0b78832bcfea62",
        "type": "github"
      },
      "original": {
        "owner": "helix-editor",
        "repo": "helix",
        "type": "github"
      }
    },
    "home-manager": {
      "inputs": {
        "nixpkgs": [
          "nixpkgs"
        ]
      },
      "locked": {
        "lastModified": 1751468302,
        "narHash": "sha256-tWosziZTT039x6PgEZUhzGlV8oLvdDmIgKTE8ESMaEA=",
        "owner": "nix-community",
        "repo": "home-manager",
        "rev": "501cfec8277f931a9c9af9f23d3105c537faeafe",
        "type": "github"
      },
      "original": {
        "owner": "nix-community",
        "ref": "release-25.05",
        "repo": "home-manager",
        "type": "github"
      }
    },
    "nixpkgs": {
      "locked": {
        "lastModified": 1747744144,
        "narHash": "sha256-W7lqHp0qZiENCDwUZ5EX/lNhxjMdNapFnbErcbnP11Q=",
        "owner": "NixOS",
        "repo": "nixpkgs",
        "rev": "2795c506fe8fb7b03c36ccb51f75b6df0ab2553f",
        "type": "github"
      },
      "original": {
        "owner": "NixOS",
        "ref": "nixos-unstable",
        "repo": "nixpkgs",
        "type": "github"
      }
    },
    "nixpkgs_2": {
      "locked": {
        "lastModified": 1751211869,
        "narHash": "sha256-1Cu92i1KSPbhPCKxoiVG5qnoRiKTgR5CcGSRyLpOd7Y=",
        "owner": "NixOS",
        "repo": "nixpkgs",
        "rev": "b43c397f6c213918d6cfe6e3550abfe79b5d1c51",
        "type": "github"
      },
      "original": {
        "id": "nixpkgs",
        "ref": "nixos-25.05",
        "type": "indirect"
      }
    },
    "root": {
      "inputs": {
        "darwin": "darwin",
        "elixir-overlay": "elixir-overlay",
        "helix": "helix",
        "home-manager": "home-manager",
        "nixpkgs": "nixpkgs_2",
        "rust-overlay": "rust-overlay_2",
        "unstable": "unstable",
        "wakatime-ls": "wakatime-ls"
      }
    },
    "rust-overlay": {
      "inputs": {
        "nixpkgs": [
          "helix",
          "nixpkgs"
        ]
      },
      "locked": {
        "lastModified": 1740623427,
        "narHash": "sha256-3SdPQrZoa4odlScFDUHd4CUPQ/R1gtH4Mq9u8CBiK8M=",
        "owner": "oxalica",
        "repo": "rust-overlay",
        "rev": "d342e8b5fd88421ff982f383c853f0fc78a847ab",
        "type": "github"
      },
      "original": {
        "owner": "oxalica",
        "repo": "rust-overlay",
        "type": "github"
      }
    },
    "rust-overlay_2": {
      "inputs": {
        "nixpkgs": [
          "nixpkgs"
        ]
      },
      "locked": {
        "lastModified": 1751510438,
        "narHash": "sha256-m8PjOoyyCR4nhqtHEBP1tB/jF+gJYYguSZmUmVTEAQE=",
        "owner": "oxalica",
        "repo": "rust-overlay",
        "rev": "7f415261f298656f8164bd636c0dc05af4e95b6b",
        "type": "github"
      },
      "original": {
        "owner": "oxalica",
        "repo": "rust-overlay",
        "type": "github"
      }
    },
    "rust-overlay_3": {
      "inputs": {
        "nixpkgs": [
          "wakatime-ls",
          "nixpkgs"
        ]
      },
      "locked": {
        "lastModified": 1748746145,
        "narHash": "sha256-bwkCAK9pOyI2Ww4Q4oO1Ynv7O9aZPrsIAMMASmhVGp4=",
        "owner": "oxalica",
        "repo": "rust-overlay",
        "rev": "12a0d94a2f2b06714f747ab97b2fa546f46b460c",
        "type": "github"
      },
      "original": {
        "owner": "oxalica",
        "repo": "rust-overlay",
        "type": "github"
      }
    },
    "systems": {
      "locked": {
        "lastModified": 1681028828,
        "narHash": "sha256-Vy1rq5AaRuLzOxct8nz4T6wlgyUR7zLU309k9mBC768=",
        "owner": "nix-systems",
        "repo": "default",
        "rev": "da67096a3b9bf56a91d16901293e51ba5b49a27e",
        "type": "github"
      },
      "original": {
        "owner": "nix-systems",
        "repo": "default",
        "type": "github"
      }
    },
    "unstable": {
      "locked": {
        "lastModified": 1751271578,
        "narHash": "sha256-P/SQmKDu06x8yv7i0s8bvnnuJYkxVGBWLWHaU+tt4YY=",
        "owner": "NixOS",
        "repo": "nixpkgs",
        "rev": "3016b4b15d13f3089db8a41ef937b13a9e33a8df",
        "type": "github"
      },
      "original": {
        "id": "nixpkgs",
        "ref": "nixos-unstable",
        "type": "indirect"
      }
    },
    "wakatime-ls": {
      "inputs": {
        "gitignore": "gitignore",
        "nixpkgs": [
          "nixpkgs"
        ],
        "rust-overlay": "rust-overlay_3"
      },
      "locked": {
        "lastModified": 1749344834,
        "narHash": "sha256-rNmHn8SgJJ/MLOwN/PoSFeVf4jfL5Qj2yJ+HcfjMZIk=",
        "owner": "mrnossiom",
        "repo": "wakatime-ls",
        "rev": "b7ffbab1e7a045d1c9c26ad6421b4c06fb583f37",
        "type": "github"
      },
      "original": {
        "owner": "mrnossiom",
        "repo": "wakatime-ls",
        "type": "github"
      }
    }
  },
  "root": "root",
  "version": 7
}
