{
  "nodes": {
    "bat-themes": {
      "flake": false,
      "locked": {
        "lastModified": 1754431113,
        "narHash": "sha256-HXUbJT/PX+LWzqM7UDg/SgOMxRRBKQfS85F0j4ljrvM=",
        "owner": "nyxvamp-theme",
        "repo": "bat",
        "rev": "5fea70fc1585dc5404ccec37c7ce20e83829d951",
        "type": "github"
      },
      "original": {
        "owner": "nyxvamp-theme",
        "repo": "bat",
        "type": "github"
      }
    },
    "darwin": {
      "inputs": {
        "nixpkgs": [
          "nixpkgs"
        ]
      },
      "locked": {
        "lastModified": 1757432263,
        "narHash": "sha256-qHn+/0+IOz5cG68BZUwL9BV3EO/e9eNKCjH3+N7wMdI=",
        "owner": "lnl7",
        "repo": "nix-darwin",
        "rev": "1fef4404de4d1596aa5ab2bd68078370e1b9dcdb",
        "type": "github"
      },
      "original": {
        "owner": "lnl7",
        "ref": "nix-darwin-25.05",
        "repo": "nix-darwin",
        "type": "github"
      }
    },
    "elixir-overlay": {
      "inputs": {
        "flake-utils": "flake-utils",
        "nixpkgs": "nixpkgs"
      },
      "locked": {
        "lastModified": 1752676017,
        "narHash": "sha256-F5nmW38F1dW/IOz/Kj8hS5SM5ehhuRH7xvrFM20jA5Q=",
        "owner": "zoedsoupe",
        "repo": "elixir-overlay",
        "rev": "19108d02ac1029f9b5abaf20363903eecc894530",
        "type": "github"
      },
      "original": {
        "owner": "zoedsoupe",
        "repo": "elixir-overlay",
        "type": "github"
      }
    },
    "flake-utils": {
      "inputs": {
        "systems": "systems"
      },
      "locked": {
        "lastModified": 1731533236,
        "narHash": "sha256-l0KFg5HjrsfsO/JpG+r7fRrqm12kzFHyUHqHCVpMMbI=",
        "owner": "numtide",
        "repo": "flake-utils",
        "rev": "11707dc2f618dd54ca8739b309ec4fc024de578b",
        "type": "github"
      },
      "original": {
        "owner": "numtide",
        "repo": "flake-utils",
        "type": "github"
      }
    },
    "ghostty-themes": {
      "flake": false,
      "locked": {
        "lastModified": 1756244543,
        "narHash": "sha256-PHv+wXGCaS0N2Umd7wDyBLfJdr2CyAMdspl3H0+yxsQ=",
        "owner": "nyxvamp-theme",
        "repo": "ghostty",
        "rev": "a1203a09996c988f3645716f52c47bd597438f7e",
        "type": "github"
      },
      "original": {
        "owner": "nyxvamp-theme",
        "repo": "ghostty",
        "type": "github"
      }
    },
    "gitignore": {
      "inputs": {
        "nixpkgs": [
          "wakatime-ls",
          "nixpkgs"
        ]
      },
      "locked": {
        "lastModified": 1709087332,
        "narHash": "sha256-HG2cCnktfHsKV0s4XW83gU3F57gaTljL9KNSuG6bnQs=",
        "owner": "hercules-ci",
        "repo": "gitignore.nix",
        "rev": "637db329424fd7e46cf4185293b9cc8c88c95394",
        "type": "github"
      },
      "original": {
        "owner": "hercules-ci",
        "repo": "gitignore.nix",
        "type": "github"
      }
    },
    "helix": {
      "inputs": {
        "nixpkgs": [
          "nixpkgs"
        ],
        "rust-overlay": "rust-overlay"
      },
      "locked": {
        "lastModified": 1757688164,
        "narHash": "sha256-IfSIZM7/4MwzxF769jVSBeB8JF4fHjYqaoan58HHw1E=",
        "owner": "helix-editor",
        "repo": "helix",
        "rev": "c531b7a4faffe727adf78e1d3c2a54c0d85d0c0c",
        "type": "github"
      },
      "original": {
        "owner": "helix-editor",
        "repo": "helix",
        "type": "github"
      }
    },
    "helix-themes": {
      "flake": false,
      "locked": {
        "lastModified": 1756228147,
        "narHash": "sha256-KyCMY7fmYjMBpDxIkXrFeXOgDd65RZ98wP+pI9RGvrI=",
        "owner": "nyxvamp-theme",
        "repo": "helix",
        "rev": "b46fd1c3dbfac09d87252d935505eaa909dfaa6c",
        "type": "github"
      },
      "original": {
        "owner": "nyxvamp-theme",
        "repo": "helix",
        "type": "github"
      }
    },
    "home-manager": {
      "inputs": {
        "nixpkgs": [
          "nixpkgs"
        ]
      },
      "locked": {
        "lastModified": 1756679287,
        "narHash": "sha256-Xd1vOeY9ccDf5VtVK12yM0FS6qqvfUop8UQlxEB+gTQ=",
        "owner": "nix-community",
        "repo": "home-manager",
        "rev": "07fc025fe10487dd80f2ec694f1cd790e752d0e8",
        "type": "github"
      },
      "original": {
        "owner": "nix-community",
        "ref": "release-25.05",
        "repo": "home-manager",
        "type": "github"
      }
    },
    "next-ls": {
      "inputs": {
        "nixpkgs": "nixpkgs_2",
        "zigpkgs": "zigpkgs"
      },
      "locked": {
        "lastModified": 1756497687,
        "narHash": "sha256-mqsQmcNZ0i9zwJe0LQ6UCx+zOwciqyPBQ/93AE3Qt0o=",
        "owner": "elixir-tools",
        "repo": "next-ls",
        "rev": "eb47c98eef92ffe2b369c7c2bf56ce63b837f949",
        "type": "github"
      },
      "original": {
        "owner": "elixir-tools",
        "repo": "next-ls",
        "type": "github"
      }
    },
    "nixpkgs": {
      "locked": {
        "lastModified": 1747744144,
        "narHash": "sha256-W7lqHp0qZiENCDwUZ5EX/lNhxjMdNapFnbErcbnP11Q=",
        "owner": "NixOS",
        "repo": "nixpkgs",
        "rev": "2795c506fe8fb7b03c36ccb51f75b6df0ab2553f",
        "type": "github"
      },
      "original": {
        "owner": "NixOS",
        "ref": "nixos-unstable",
        "repo": "nixpkgs",
        "type": "github"
      }
    },
    "nixpkgs_2": {
      "locked": {
        "lastModified": 1735471104,
        "narHash": "sha256-0q9NGQySwDQc7RhAV2ukfnu7Gxa5/ybJ2ANT8DQrQrs=",
        "owner": "NixOS",
        "repo": "nixpkgs",
        "rev": "88195a94f390381c6afcdaa933c2f6ff93959cb4",
        "type": "github"
      },
      "original": {
        "owner": "NixOS",
        "ref": "nixos-unstable",
        "repo": "nixpkgs",
        "type": "github"
      }
    },
    "nixpkgs_3": {
      "locked": {
        "lastModified": 1757590060,
        "narHash": "sha256-EWwwdKLMZALkgHFyKW7rmyhxECO74+N+ZO5xTDnY/5c=",
        "owner": "NixOS",
        "repo": "nixpkgs",
        "rev": "0ef228213045d2cdb5a169a95d63ded38670b293",
        "type": "github"
      },
      "original": {
        "id": "nixpkgs",
        "ref": "nixpkgs-25.05-darwin",
        "type": "indirect"
      }
    },
    "nixpkgs_4": {
      "locked": {
        "lastModified": 1742669843,
        "narHash": "sha256-G5n+FOXLXcRx+3hCJ6Rt6ZQyF1zqQ0DL0sWAMn2Nk0w=",
        "owner": "nixos",
        "repo": "nixpkgs",
        "rev": "1e5b653dff12029333a6546c11e108ede13052eb",
        "type": "github"
      },
      "original": {
        "owner": "nixos",
        "ref": "nixos-unstable",
        "repo": "nixpkgs",
        "type": "github"
      }
    },
    "root": {
      "inputs": {
        "bat-themes": "bat-themes",
        "darwin": "darwin",
        "elixir-overlay": "elixir-overlay",
        "ghostty-themes": "ghostty-themes",
        "helix": "helix",
        "helix-themes": "helix-themes",
        "home-manager": "home-manager",
        "next-ls": "next-ls",
        "nixpkgs": "nixpkgs_3",
        "rust-overlay": "rust-overlay_2",
        "starship-themes": "starship-themes",
        "uwu-colors": "uwu-colors",
        "wakatime-ls": "wakatime-ls"
      }
    },
    "rust-overlay": {
      "inputs": {
        "nixpkgs": [
          "helix",
          "nixpkgs"
        ]
      },
      "locked": {
        "lastModified": 1740623427,
        "narHash": "sha256-3SdPQrZoa4odlScFDUHd4CUPQ/R1gtH4Mq9u8CBiK8M=",
        "owner": "oxalica",
        "repo": "rust-overlay",
        "rev": "d342e8b5fd88421ff982f383c853f0fc78a847ab",
        "type": "github"
      },
      "original": {
        "owner": "oxalica",
        "repo": "rust-overlay",
        "type": "github"
      }
    },
    "rust-overlay_2": {
      "inputs": {
        "nixpkgs": [
          "nixpkgs"
        ]
      },
      "locked": {
        "lastModified": 1757644300,
        "narHash": "sha256-bVIDYz31bCdZId441sqgkImnA7aYr2UQzQlyl+O2DWc=",
        "owner": "oxalica",
        "repo": "rust-overlay",
        "rev": "591c5ae84f066bdfc9797b217df392d58eafd088",
        "type": "github"
      },
      "original": {
        "owner": "oxalica",
        "repo": "rust-overlay",
        "type": "github"
      }
    },
    "rust-overlay_3": {
      "inputs": {
        "nixpkgs": [
          "wakatime-ls",
          "nixpkgs"
        ]
      },
      "locked": {
        "lastModified": 1748746145,
        "narHash": "sha256-bwkCAK9pOyI2Ww4Q4oO1Ynv7O9aZPrsIAMMASmhVGp4=",
        "owner": "oxalica",
        "repo": "rust-overlay",
        "rev": "12a0d94a2f2b06714f747ab97b2fa546f46b460c",
        "type": "github"
      },
      "original": {
        "owner": "oxalica",
        "repo": "rust-overlay",
        "type": "github"
      }
    },
    "starship-themes": {
      "flake": false,
      "locked": {
        "lastModified": 1754433475,
        "narHash": "sha256-obT4KL0fDS5ydBV8i298GaTB86k+XxiCLYou1iLVlZo=",
        "owner": "nyxvamp-theme",
        "repo": "starship",
        "rev": "7956206da676aaffcf65247fce9fd31f4e59f814",
        "type": "github"
      },
      "original": {
        "owner": "nyxvamp-theme",
        "repo": "starship",
        "type": "github"
      }
    },
    "systems": {
      "locked": {
        "lastModified": 1681028828,
        "narHash": "sha256-Vy1rq5AaRuLzOxct8nz4T6wlgyUR7zLU309k9mBC768=",
        "owner": "nix-systems",
        "repo": "default",
        "rev": "da67096a3b9bf56a91d16901293e51ba5b49a27e",
        "type": "github"
      },
      "original": {
        "owner": "nix-systems",
        "repo": "default",
        "type": "github"
      }
    },
    "systems_2": {
      "locked": {
        "lastModified": 1681028828,
        "narHash": "sha256-Vy1rq5AaRuLzOxct8nz4T6wlgyUR7zLU309k9mBC768=",
        "owner": "nix-systems",
        "repo": "default",
        "rev": "da67096a3b9bf56a91d16901293e51ba5b49a27e",
        "type": "github"
      },
      "original": {
        "owner": "nix-systems",
        "repo": "default",
        "type": "github"
      }
    },
    "utils": {
      "inputs": {
        "systems": "systems_2"
      },
      "locked": {
        "lastModified": 1731533236,
        "narHash": "sha256-l0KFg5HjrsfsO/JpG+r7fRrqm12kzFHyUHqHCVpMMbI=",
        "owner": "numtide",
        "repo": "flake-utils",
        "rev": "11707dc2f618dd54ca8739b309ec4fc024de578b",
        "type": "github"
      },
      "original": {
        "owner": "numtide",
        "repo": "flake-utils",
        "type": "github"
      }
    },
    "uwu-colors": {
      "inputs": {
        "nixpkgs": "nixpkgs_4",
        "utils": "utils"
      },
      "locked": {
        "lastModified": 1750698731,
        "narHash": "sha256-d+QCHXuZwSK+MzmKiYvR2ts1P0wd3i0eWoPxt4fVpaA=",
        "owner": "q60",
        "repo": "uwu_colors",
        "rev": "af85b3a7c7f9ec6af8dad5a12d730a2b38d5ff1c",
        "type": "github"
      },
      "original": {
        "owner": "q60",
        "repo": "uwu_colors",
        "type": "github"
      }
    },
    "wakatime-ls": {
      "inputs": {
        "gitignore": "gitignore",
        "nixpkgs": [
          "nixpkgs"
        ],
        "rust-overlay": "rust-overlay_3"
      },
      "locked": {
        "lastModified": 1752245636,
        "narHash": "sha256-T6nLp1UsnKwrL7coEgH+aTcTavM5OIiNRufA3sM2okk=",
        "owner": "mrnossiom",
        "repo": "wakatime-ls",
        "rev": "711644814c8e6842499c6c0852407321e9901597",
        "type": "github"
      },
      "original": {
        "owner": "mrnossiom",
        "repo": "wakatime-ls",
        "type": "github"
      }
    },
    "zigpkgs": {
      "locked": {
        "lastModified": 1704057613,
        "narHash": "sha256-5tPUpZlCpgqDQVUDlmhDhKn1h0A68jba8/DYie+yNC4=",
        "owner": "NixOS",
        "repo": "nixpkgs",
        "rev": "592a779f3c5e7bce1a02027abe11b7996816223f",
        "type": "github"
      },
      "original": {
        "owner": "NixOS",
        "repo": "nixpkgs",
        "rev": "592a779f3c5e7bce1a02027abe11b7996816223f",
        "type": "github"
      }
    }
  },
  "root": "root",
  "version": 7
}
